
Microsoft Visual Studio Solution File, Format Version 12.00
# Visual Studio 15
VisualStudioVersion = 15.0.26430.6
MinimumVisualStudioVersion = 10.0.40219.1
Project("{D954291E-2A0B-460D-934E-DC6B0785DB48}") = "MyCognitiveApp", "MyCognitiveApp\MyCognitiveApp\MyCognitiveApp.shproj", "{EAC0CDF7-541B-4BB8-A92D-E136CD353DFF}"
EndProject
Project("{FAE04EC0-301F-11D3-BF4B-00C04F79EFBC}") = "MyCognitiveApp.Android", "MyCognitiveApp\MyCognitiveApp.Android\MyCognitiveApp.Android.csproj", "{A94BCC8A-5F4F-4341-9A8F-075083FF4B0F}"
EndProject
Project("{FAE04EC0-301F-11D3-BF4B-00C04F79EFBC}") = "MyCognitiveApp.iOS", "MyCognitiveApp\MyCognitiveApp.iOS\MyCognitiveApp.iOS.csproj", "{FCA0699B-544E-4FB5-94A6-5D799D6BB6F2}"
EndProject
Global
	GlobalSection(SharedMSBuildProjectFiles) = preSolution
		MyCognitiveApp\MyCognitiveApp\MyCognitiveApp.projitems*{a94bcc8a-5f4f-4341-9a8f-075083ff4b0f}*SharedItemsImports = 4
		MyCognitiveApp\MyCognitiveApp\MyCognitiveApp.projitems*{eac0cdf7-541b-4bb8-a92d-e136cd353dff}*SharedItemsImports = 13
		MyCognitiveApp\MyCognitiveApp\MyCognitiveApp.projitems*{fca0699b-544e-4fb5-94a6-5d799d6bb6f2}*SharedItemsImports = 4
	EndGlobalSection
	GlobalSection(SolutionConfigurationPlatforms) = preSolution
		Ad-Hoc|Any CPU = Ad-Hoc|Any CPU
		Ad-Hoc|iPhone = Ad-Hoc|iPhone
		Ad-Hoc|iPhoneSimulator = Ad-Hoc|iPhoneSimulator
		AppStore|Any CPU = AppStore|Any CPU
		AppStore|iPhone = AppStore|iPhone
		AppStore|iPhoneSimulator = AppStore|iPhoneSimulator
		Debug|Any CPU = Debug|Any CPU
		Debug|iPhone = Debug|iPhone
		Debug|iPhoneSimulator = Debug|iPhoneSimulator
		Release|Any CPU = Release|Any CPU
		Release|iPhone = Release|iPhone
		Release|iPhoneSimulator = Release|iPhoneSimulator
	EndGlobalSection
	GlobalSection(ProjectConfigurationPlatforms) = postSolution
		{A94BCC8A-5F4F-4341-9A8F-075083FF4B0F}.Ad-Hoc|Any CPU.ActiveCfg = Release|Any CPU
		{A94BCC8A-5F4F-4341-9A8F-075083FF4B0F}.Ad-Hoc|Any CPU.Build.0 = Release|Any CPU
		{A94BCC8A-5F4F-4341-9A8F-075083FF4B0F}.Ad-Hoc|Any CPU.Deploy.0 = Release|Any CPU
		{A94BCC8A-5F4F-4341-9A8F-075083FF4B0F}.Ad-Hoc|iPhone.ActiveCfg = Release|Any CPU
		{A94BCC8A-5F4F-4341-9A8F-075083FF4B0F}.Ad-Hoc|iPhone.Build.0 = Release|Any CPU
		{A94BCC8A-5F4F-4341-9A8F-075083FF4B0F}.Ad-Hoc|iPhone.Deploy.0 = Release|Any CPU
		{A94BCC8A-5F4F-4341-9A8F-075083FF4B0F}.Ad-Hoc|iPhoneSimulator.ActiveCfg = Release|Any CPU
		{A94BCC8A-5F4F-4341-9A8F-075083FF4B0F}.Ad-Hoc|iPhoneSimulator.Build.0 = Release|Any CPU
		{A94BCC8A-5F4F-4341-9A8F-075083FF4B0F}.Ad-Hoc|iPhoneSimulator.Deploy.0 = Release|Any CPU
		{A94BCC8A-5F4F-4341-9A8F-075083FF4B0F}.AppStore|Any CPU.ActiveCfg = Release|Any CPU
		{A94BCC8A-5F4F-4341-9A8F-075083FF4B0F}.AppStore|Any CPU.Build.0 = Release|Any CPU
		{A94BCC8A-5F4F-4341-9A8F-075083FF4B0F}.AppStore|Any CPU.Deploy.0 = Release|Any CPU
		{A94BCC8A-5F4F-4341-9A8F-075083FF4B0F}.AppStore|iPhone.ActiveCfg = Release|Any CPU
		{A94BCC8A-5F4F-4341-9A8F-075083FF4B0F}.AppStore|iPhone.Build.0 = Release|Any CPU
		{A94BCC8A-5F4F-4341-9A8F-075083FF4B0F}.AppStore|iPhone.Deploy.0 = Release|Any CPU
		{A94BCC8A-5F4F-4341-9A8F-075083FF4B0F}.AppStore|iPhoneSimulator.ActiveCfg = Release|Any CPU
		{A94BCC8A-5F4F-4341-9A8F-075083FF4B0F}.AppStore|iPhoneSimulator.Build.0 = Release|Any CPU
		{A94BCC8A-5F4F-4341-9A8F-075083FF4B0F}.AppStore|iPhoneSimulator.Deploy.0 = Release|Any CPU
		{A94BCC8A-5F4F-4341-9A8F-075083FF4B0F}.Debug|Any CPU.ActiveCfg = Debug|Any CPU
		{A94BCC8A-5F4F-4341-9A8F-075083FF4B0F}.Debug|Any CPU.Build.0 = Debug|Any CPU
		{A94BCC8A-5F4F-4341-9A8F-075083FF4B0F}.Debug|Any CPU.Deploy.0 = Debug|Any CPU
		{A94BCC8A-5F4F-4341-9A8F-075083FF4B0F}.Debug|iPhone.ActiveCfg = Debug|Any CPU
		{A94BCC8A-5F4F-4341-9A8F-075083FF4B0F}.Debug|iPhone.Build.0 = Debug|Any CPU
		{A94BCC8A-5F4F-4341-9A8F-075083FF4B0F}.Debug|iPhone.Deploy.0 = Debug|Any CPU
		{A94BCC8A-5F4F-4341-9A8F-075083FF4B0F}.Debug|iPhoneSimulator.ActiveCfg = Debug|Any CPU
		{A94BCC8A-5F4F-4341-9A8F-075083FF4B0F}.Debug|iPhoneSimulator.Build.0 = Debug|Any CPU
		{A94BCC8A-5F4F-4341-9A8F-075083FF4B0F}.Debug|iPhoneSimulator.Deploy.0 = Debug|Any CPU
		{A94BCC8A-5F4F-4341-9A8F-075083FF4B0F}.Release|Any CPU.ActiveCfg = Release|Any CPU
		{A94BCC8A-5F4F-4341-9A8F-075083FF4B0F}.Release|Any CPU.Build.0 = Release|Any CPU
		{A94BCC8A-5F4F-4341-9A8F-075083FF4B0F}.Release|Any CPU.Deploy.0 = Release|Any CPU
		{A94BCC8A-5F4F-4341-9A8F-075083FF4B0F}.Release|iPhone.ActiveCfg = Release|Any CPU
		{A94BCC8A-5F4F-4341-9A8F-075083FF4B0F}.Release|iPhone.Build.0 = Release|Any CPU
		{A94BCC8A-5F4F-4341-9A8F-075083FF4B0F}.Release|iPhone.Deploy.0 = Release|Any CPU
		{A94BCC8A-5F4F-4341-9A8F-075083FF4B0F}.Release|iPhoneSimulator.ActiveCfg = Release|Any CPU
		{A94BCC8A-5F4F-4341-9A8F-075083FF4B0F}.Release|iPhoneSimulator.Build.0 = Release|Any CPU
		{A94BCC8A-5F4F-4341-9A8F-075083FF4B0F}.Release|iPhoneSimulator.Deploy.0 = Release|Any CPU
		{FCA0699B-544E-4FB5-94A6-5D799D6BB6F2}.Ad-Hoc|Any CPU.ActiveCfg = Ad-Hoc|iPhone
		{FCA0699B-544E-4FB5-94A6-5D799D6BB6F2}.Ad-Hoc|iPhone.ActiveCfg = Ad-Hoc|iPhone
		{FCA0699B-544E-4FB5-94A6-5D799D6BB6F2}.Ad-Hoc|iPhone.Build.0 = Ad-Hoc|iPhone
		{FCA0699B-544E-4FB5-94A6-5D799D6BB6F2}.Ad-Hoc|iPhoneSimulator.ActiveCfg = Ad-Hoc|iPhoneSimulator
		{FCA0699B-544E-4FB5-94A6-5D799D6BB6F2}.Ad-Hoc|iPhoneSimulator.Build.0 = Ad-Hoc|iPhoneSimulator
		{FCA0699B-544E-4FB5-94A6-5D799D6BB6F2}.AppStore|Any CPU.ActiveCfg = AppStore|iPhone
		{FCA0699B-544E-4FB5-94A6-5D799D6BB6F2}.AppStore|iPhone.ActiveCfg = AppStore|iPhone
		{FCA0699B-544E-4FB5-94A6-5D799D6BB6F2}.AppStore|iPhone.Build.0 = AppStore|iPhone
		{FCA0699B-544E-4FB5-94A6-5D799D6BB6F2}.AppStore|iPhoneSimulator.ActiveCfg = AppStore|iPhoneSimulator
		{FCA0699B-544E-4FB5-94A6-5D799D6BB6F2}.AppStore|iPhoneSimulator.Build.0 = AppStore|iPhoneSimulator
		{FCA0699B-544E-4FB5-94A6-5D799D6BB6F2}.Debug|Any CPU.ActiveCfg = Debug|iPhone
		{FCA0699B-544E-4FB5-94A6-5D799D6BB6F2}.Debug|iPhone.ActiveCfg = Debug|iPhone
		{FCA0699B-544E-4FB5-94A6-5D799D6BB6F2}.Debug|iPhone.Build.0 = Debug|iPhone
		{FCA0699B-544E-4FB5-94A6-5D799D6BB6F2}.Debug|iPhoneSimulator.ActiveCfg = Debug|iPhoneSimulator
		{FCA0699B-544E-4FB5-94A6-5D799D6BB6F2}.Debug|iPhoneSimulator.Build.0 = Debug|iPhoneSimulator
		{FCA0699B-544E-4FB5-94A6-5D799D6BB6F2}.Release|Any CPU.ActiveCfg = Release|iPhone
		{FCA0699B-544E-4FB5-94A6-5D799D6BB6F2}.Release|iPhone.ActiveCfg = Release|iPhone
		{FCA0699B-544E-4FB5-94A6-5D799D6BB6F2}.Release|iPhone.Build.0 = Release|iPhone
		{FCA0699B-544E-4FB5-94A6-5D799D6BB6F2}.Release|iPhoneSimulator.ActiveCfg = Release|iPhoneSimulator
		{FCA0699B-544E-4FB5-94A6-5D799D6BB6F2}.Release|iPhoneSimulator.Build.0 = Release|iPhoneSimulator
	EndGlobalSection
	GlobalSection(SolutionProperties) = preSolution
		HideSolutionNode = FALSE
	EndGlobalSection
EndGlobal
